
Microsoft Visual Studio Solution File, Format Version 12.00
# Visual Studio Version 17
VisualStudioVersion = 17.9.34616.47
MinimumVisualStudioVersion = 10.0.40219.1
Project("{FAE04EC0-301F-11D3-BF4B-00C04F79EFBC}") = "Proyecto3BD", "Proyecto3BD.csproj", "{B8D56884-0C45-4438-BB1D-7D51EDC42A5E}"
EndProject
Global
	GlobalSection(SolutionConfigurationPlatforms) = preSolution
		Debug|Any CPU = Debug|Any CPU
		Release|Any CPU = Release|Any CPU
	EndGlobalSection
	GlobalSection(ProjectConfigurationPlatforms) = postSolution
		{B8D56884-0C45-4438-BB1D-7D51EDC42A5E}.Debug|Any CPU.ActiveCfg = Debug|Any CPU
		{B8D56884-0C45-4438-BB1D-7D51EDC42A5E}.Debug|Any CPU.Build.0 = Debug|Any CPU
		{B8D56884-0C45-4438-BB1D-7D51EDC42A5E}.Release|Any CPU.ActiveCfg = Release|Any CPU
		{B8D56884-0C45-4438-BB1D-7D51EDC42A5E}.Release|Any CPU.Build.0 = Release|Any CPU
	EndGlobalSection
	GlobalSection(SolutionProperties) = preSolution
		HideSolutionNode = FALSE
	EndGlobalSection
	GlobalSection(ExtensibilityGlobals) = postSolution
		SolutionGuid = {41D58B7E-9DA7-4059-8E9B-AD2107362BCA}
	EndGlobalSection
EndGlobal
